// !$*UTF8*$!
{
	archiveVersion = 1;
	classes = {
	};
	objectVersion = 77;
	objects = {

/* Begin PBXBuildFile section */
		0108540035DD886055A80702 /* SourceRuntimeTests.swift in Sources */ = {isa = PBXBuildFile; fileRef = 823144748B5B2E1E759FC882 /* SourceRuntimeTests.swift */; };
		081601FE13DC4F6CC4BECB93 /* SonarApp.swift in Sources */ = {isa = PBXBuildFile; fileRef = C4BE53DF67468C133914605A /* SonarApp.swift */; };
		09DC6AACFD5438547D5D84AB /* PlaylistDetailActions.swift in Sources */ = {isa = PBXBuildFile; fileRef = B360F26B77EE77962CC5B76E /* PlaylistDetailActions.swift */; };
		11655853DA39CABB92DCF693 /* KaraokeLyricsView.swift in Sources */ = {isa = PBXBuildFile; fileRef = 7EFC9D29E2E8C6E459BE3932 /* KaraokeLyricsView.swift */; };
		151055174EAF225E4D91E9F4 /* SongRow.swift in Sources */ = {isa = PBXBuildFile; fileRef = 3080232A9FEDC04BB7B8BEA4 /* SongRow.swift */; };
		15154B117DC173D22B9F67D6 /* PlaybackURLCache.swift in Sources */ = {isa = PBXBuildFile; fileRef = F26CF6694394C69F6AC0B84A /* PlaybackURLCache.swift */; };
		153F713EB29102A0CE6D4B76 /* SearchViewModelTests.swift in Sources */ = {isa = PBXBuildFile; fileRef = 9E9A3FC39AE2B3C9A19D100F /* SearchViewModelTests.swift */; };
		158D633DE820239A440A6817 /* LibraryModels.swift in Sources */ = {isa = PBXBuildFile; fileRef = 26011CDFF363FA05A89B2898 /* LibraryModels.swift */; };
		1729AC660D12ABAAA2822994 /* SettingsView.swift in Sources */ = {isa = PBXBuildFile; fileRef = 9BCB6EA4B48AAD5F80A2F91F /* SettingsView.swift */; };
		1EE5664EB824B6ED410F4183 /* CommonCryptoBridge.swift in Sources */ = {isa = PBXBuildFile; fileRef = FFC8F9394CC9701D9490C16A /* CommonCryptoBridge.swift */; };
		1F478425B781DC8B8C2060BD /* OnlinePlaylistDetailViewModel.swift in Sources */ = {isa = PBXBuildFile; fileRef = DF3EAE2202539F390410EF90 /* OnlinePlaylistDetailViewModel.swift */; };
		2645929E175A823EB0FE3B9D /* FallbackPlaybackURLResolverTests.swift in Sources */ = {isa = PBXBuildFile; fileRef = 2EF2207112DD6FF9C4D7D160 /* FallbackPlaybackURLResolverTests.swift */; };
		26FCAACF94F51F504364CE16 /* SecurityBridge.swift in Sources */ = {isa = PBXBuildFile; fileRef = 31A1B9444845B790C78ED7B0 /* SecurityBridge.swift */; };
		27B2E5179FE340020A5625CE /* AddToPlaylistSheet.swift in Sources */ = {isa = PBXBuildFile; fileRef = FB7FA3DD083707A1D97DCEB5 /* AddToPlaylistSheet.swift */; };
		27DF39947DBF445C999D2FFB /* M3Scheme.swift in Sources */ = {isa = PBXBuildFile; fileRef = C5B0A53749C9C59898311059 /* M3Scheme.swift */; };
		27F4265CCD2C3F3429E40095 /* PlaybackQueue.swift in Sources */ = {isa = PBXBuildFile; fileRef = 450235EC55571F09C6B63486 /* PlaybackQueue.swift */; };
		28483A3C7E4549A2CF6841F1 /* SpinningCoverArt.swift in Sources */ = {isa = PBXBuildFile; fileRef = BA8450B8875639E3642B3EF1 /* SpinningCoverArt.swift */; };
		28BD98FF1A8F3A1B147C03D0 /* RootView.swift in Sources */ = {isa = PBXBuildFile; fileRef = D15663FD95D43381881A7594 /* RootView.swift */; };
		2E7D13EFF607BC9957874E0B /* DiscoveryViewModel.swift in Sources */ = {isa = PBXBuildFile; fileRef = 37757D19F8858B8ABA516C35 /* DiscoveryViewModel.swift */; };
		2F6C9A3A77623AF46B8EA5AF /* PlaybackQueueTests.swift in Sources */ = {isa = PBXBuildFile; fileRef = CFADE74C0680A6B183F23EFB /* PlaybackQueueTests.swift */; };
		31ECB3C15B5E6D5EF489136E /* DiscoveryMasonry.swift in Sources */ = {isa = PBXBuildFile; fileRef = E82FBC791AAE24EFC9A544E1 /* DiscoveryMasonry.swift */; };
		36418007708D397E8BE4CF28 /* BottomCapsule.swift in Sources */ = {isa = PBXBuildFile; fileRef = 8A3DC582BF54B809E00F210B /* BottomCapsule.swift */; };
		36B26DFAE25D317CC4BA1685 /* SourceModels.swift in Sources */ = {isa = PBXBuildFile; fileRef = 20D71D4430F13816E4463BEB /* SourceModels.swift */; };
		386AB54DC24767D8C846FE69 /* PlaylistDetailView.swift in Sources */ = {isa = PBXBuildFile; fileRef = F74D5FDBD441E80006CE4316 /* PlaylistDetailView.swift */; };
		3F27F7A4DF9696DFA80CD7A5 /* LibraryStoreTests.swift in Sources */ = {isa = PBXBuildFile; fileRef = 1F341ACD4296C6D667FE251A /* LibraryStoreTests.swift */; };
		43CD3AEBDDCBC0B4765C3E17 /* AlbumFace.swift in Sources */ = {isa = PBXBuildFile; fileRef = 6F7F921047A8D92FECF278CF /* AlbumFace.swift */; };
		4B5AA5F26183998A2CCDC40A /* KaraokeLyrics.swift in Sources */ = {isa = PBXBuildFile; fileRef = 337C15C1593EC29A9D42F238 /* KaraokeLyrics.swift */; };
		4B9C29036D8361B5346082F1 /* PlaybackURLResolverTests.swift in Sources */ = {isa = PBXBuildFile; fileRef = 2431443C39787C21D925C435 /* PlaybackURLResolverTests.swift */; };
		53198B5BF3D3961430F76D21 /* PlayingEqualizer.swift in Sources */ = {isa = PBXBuildFile; fileRef = 07B622B9E6C84FC10638B2D6 /* PlayingEqualizer.swift */; };
		540EEDA4419A9A732D08D5F6 /* Lyrics.swift in Sources */ = {isa = PBXBuildFile; fileRef = 4BABFCFE6594F1616267CADF /* Lyrics.swift */; };
		5606CC309EB25391C07A493C /* DiscoverView.swift in Sources */ = {isa = PBXBuildFile; fileRef = 21B7025D42AB216F2BD01D5B /* DiscoverView.swift */; };
		5A55326C0B38E947E1B5A637 /* Icons.swift in Sources */ = {isa = PBXBuildFile; fileRef = 8CCA531797715B360AB7222C /* Icons.swift */; };
		6CD60E3CFDB28C33042F3814 /* SourceRuntime.swift in Sources */ = {isa = PBXBuildFile; fileRef = B4873C9CD18E857D410F0903 /* SourceRuntime.swift */; };
		6DD0D71E00BCB48AB525E982 /* QueueSheet.swift in Sources */ = {isa = PBXBuildFile; fileRef = 7FD6117061EF6855072332D5 /* QueueSheet.swift */; };
		70EB1837EC4420DD97345C77 /* ShellInteractionTests.swift in Sources */ = {isa = PBXBuildFile; fileRef = 2777456BFDF8F3B2FF93A5B2 /* ShellInteractionTests.swift */; };
		75365FC1462F820C235C1672 /* FlowingLightBackground.swift in Sources */ = {isa = PBXBuildFile; fileRef = A5C6311BA7B0AA1A095870AA /* FlowingLightBackground.swift */; };
		7647B97C127EC7F0A172D228 /* QualityBadge.swift in Sources */ = {isa = PBXBuildFile; fileRef = 36C34DC215A6702A788FFF6A /* QualityBadge.swift */; };
		766580A1DEA22FB604515B4A /* UIPreferences.swift in Sources */ = {isa = PBXBuildFile; fileRef = B2E11E59C2BDFF4AD9DD59B8 /* UIPreferences.swift */; };
		77823E69F94DF12FE2B33020 /* OnlinePlaylistDetailView.swift in Sources */ = {isa = PBXBuildFile; fileRef = C8928BDA5BA8426AD17AAD20 /* OnlinePlaylistDetailView.swift */; };
		79F8EBE93D4C886200C66CEA /* Assets.xcassets in Resources */ = {isa = PBXBuildFile; fileRef = 6E5EED7134E31ACCC9993AB0 /* Assets.xcassets */; };
		7A4F55FBD8C52EDB720EE20E /* BuildCredentialStoreTests.swift in Sources */ = {isa = PBXBuildFile; fileRef = 63F91E43C674532E00D70D57 /* BuildCredentialStoreTests.swift */; };
		8ACA53A8E8B62DF15217A5F7 /* PlaybackServiceQualityTests.swift in Sources */ = {isa = PBXBuildFile; fileRef = 5505502F5E38F158FA4B1B5A /* PlaybackServiceQualityTests.swift */; };
		8BAEAC65DC833A534322C035 /* CoverActionsSheet.swift in Sources */ = {isa = PBXBuildFile; fileRef = A6952DE2A6614C64A7DA896D /* CoverActionsSheet.swift */; };
		8D9EAD8F17C6E0BC14CE5204 /* DiscoveryViewModelTests.swift in Sources */ = {isa = PBXBuildFile; fileRef = 7D59147B23A5D04E4EBA271D /* DiscoveryViewModelTests.swift */; };
		93B6A65068C432DF3FEA5054 /* FallbackPlaybackURLResolver.swift in Sources */ = {isa = PBXBuildFile; fileRef = 894FFA986F474E822DF07866 /* FallbackPlaybackURLResolver.swift */; };
		9FFCA6673E96AB9E38E4D3C9 /* source-bundle.js in Resources */ = {isa = PBXBuildFile; fileRef = 2931BE48DB1A297EC3191C39 /* source-bundle.js */; };
		A33731C2FB928F04D0A6E14A /* LibraryStore.swift in Sources */ = {isa = PBXBuildFile; fileRef = 6ACD8DDDE5E548ADB1CA6E26 /* LibraryStore.swift */; };
		A347B35802D711398BBDDBEB /* DiscoveryMasonryTests.swift in Sources */ = {isa = PBXBuildFile; fileRef = 5DA50D84C00E00E338066897 /* DiscoveryMasonryTests.swift */; };
		A4AA32949043B0D5D115CF7E /* PlayerPullController.swift in Sources */ = {isa = PBXBuildFile; fileRef = F0865577F07EB71937350124 /* PlayerPullController.swift */; };
		A51185D84F9DD91C033C3BE1 /* KaraokeLyricsTests.swift in Sources */ = {isa = PBXBuildFile; fileRef = 42F594F397AF9FF8C19A1D42 /* KaraokeLyricsTests.swift */; };
		A7879CF1E96CCD25FD6F39A6 /* OnlinePlaylistDetailViewModelTests.swift in Sources */ = {isa = PBXBuildFile; fileRef = 0A1D26518E7026EA4654925F /* OnlinePlaylistDetailViewModelTests.swift */; };
		A7BF89AEB063AECC71DA0947 /* ThemeState.swift in Sources */ = {isa = PBXBuildFile; fileRef = ACC2B15B9CA2543216C4296B /* ThemeState.swift */; };
		A9AE8D025631CAF898D158A9 /* BuildCredentialStore.swift in Sources */ = {isa = PBXBuildFile; fileRef = 6F60B4B0591442EA64C302E0 /* BuildCredentialStore.swift */; };
		ADD1640DC2D9A7FD0E69C200 /* SongsView.swift in Sources */ = {isa = PBXBuildFile; fileRef = BE4216B9E4E0F3B63F32E34D /* SongsView.swift */; };
		B79D52F6E65651E1D5D8AFF4 /* AppMotion.swift in Sources */ = {isa = PBXBuildFile; fileRef = EE0491EEF08DC41DD523100C /* AppMotion.swift */; };
		BFCE11F52C7F8236BB409ED2 /* SearchViewModel.swift in Sources */ = {isa = PBXBuildFile; fileRef = C3955CB53C63B2A1DB50F8F6 /* SearchViewModel.swift */; };
		C75A6000F0E8384EE9F58CD1 /* QualitySheet.swift in Sources */ = {isa = PBXBuildFile; fileRef = 38306610D315CA28D8009742 /* QualitySheet.swift */; };
		CBA5F11BFBEB660A2096BA90 /* PlayerPage.swift in Sources */ = {isa = PBXBuildFile; fileRef = 8F0ECA31FC7B1E12EAE9F14D /* PlayerPage.swift */; };
		CCC356E7A67270652E97396F /* M3SchemeTests.swift in Sources */ = {isa = PBXBuildFile; fileRef = A528670C24FC8C1AC136A929 /* M3SchemeTests.swift */; };
		CEC90225BE102E2FC4B0B08E /* PlayerPalette.swift in Sources */ = {isa = PBXBuildFile; fileRef = 4FA173DE89542F08636CCD14 /* PlayerPalette.swift */; };
		D0CF85FDD1BF0F805AAC893F /* PlaybackService.swift in Sources */ = {isa = PBXBuildFile; fileRef = BB25826E80F220BFE6A05B3D /* PlaybackService.swift */; };
		D7487B0ACB325D5E600C6E05 /* PlaybackURLCacheTests.swift in Sources */ = {isa = PBXBuildFile; fileRef = F01BAE831EC9D17B3679023F /* PlaybackURLCacheTests.swift */; };
		DCC994B4E647E369F290F890 /* SourceModelsTests.swift in Sources */ = {isa = PBXBuildFile; fileRef = 582DC6360F03725FE5CECA39 /* SourceModelsTests.swift */; };
		ECB552CFAFC383946E5F9B35 /* ArtworkPalette.swift in Sources */ = {isa = PBXBuildFile; fileRef = E0EA2B04C18A56C9D4F2E6BC /* ArtworkPalette.swift */; };
		F05C47DC3B7CDCC51729E460 /* LyricsArtworkTests.swift in Sources */ = {isa = PBXBuildFile; fileRef = 477584615FE1DDEDE067EAFB /* LyricsArtworkTests.swift */; };
		F14EC2B8475DB8F382D6ADC7 /* ToastOverlay.swift in Sources */ = {isa = PBXBuildFile; fileRef = 7E179A67DAA8C9A38B93B5C5 /* ToastOverlay.swift */; };
		F3912122DFB13666E703F465 /* PlaybackURLResolver.swift in Sources */ = {isa = PBXBuildFile; fileRef = 4A187AA0404C33C8BC38A76A /* PlaybackURLResolver.swift */; };
		F41CAAB893659495EEFFD012 /* PlayerArtwork.swift in Sources */ = {isa = PBXBuildFile; fileRef = 084822A4565C9A88078621FC /* PlayerArtwork.swift */; };
		F5FD0195E6AF7728BE1CD0CD /* TransportBar.swift in Sources */ = {isa = PBXBuildFile; fileRef = 3E07FEE1C6FDFBA2097C6AAA /* TransportBar.swift */; };
		F7E9F7607BD999EE802E71E9 /* ArtworkService.swift in Sources */ = {isa = PBXBuildFile; fileRef = A73EFD248035C9B528F3F9CB /* ArtworkService.swift */; };
/* End PBXBuildFile section */

/* Begin PBXContainerItemProxy section */
		FB2B07B6FA538C4537C751C3 /* PBXContainerItemProxy */ = {
			isa = PBXContainerItemProxy;
			containerPortal = B57AF75FE96B8E5347F20F03 /* Project object */;
			proxyType = 1;
			remoteGlobalIDString = A17F7B6FDCF0C29A2AEA81F2;
			remoteInfo = Sonar;
		};
/* End PBXContainerItemProxy section */

/* Begin PBXFileReference section */
		07B622B9E6C84FC10638B2D6 /* PlayingEqualizer.swift */ = {isa = PBXFileReference; lastKnownFileType = sourcecode.swift; path = PlayingEqualizer.swift; sourceTree = "<group>"; };
		084822A4565C9A88078621FC /* PlayerArtwork.swift */ = {isa = PBXFileReference; lastKnownFileType = sourcecode.swift; path = PlayerArtwork.swift; sourceTree = "<group>"; };
		0A1D26518E7026EA4654925F /* OnlinePlaylistDetailViewModelTests.swift */ = {isa = PBXFileReference; lastKnownFileType = sourcecode.swift; path = OnlinePlaylistDetailViewModelTests.swift; sourceTree = "<group>"; };
		1F341ACD4296C6D667FE251A /* LibraryStoreTests.swift */ = {isa = PBXFileReference; lastKnownFileType = sourcecode.swift; path = LibraryStoreTests.swift; sourceTree = "<group>"; };
		20D71D4430F13816E4463BEB /* SourceModels.swift */ = {isa = PBXFileReference; lastKnownFileType = sourcecode.swift; path = SourceModels.swift; sourceTree = "<group>"; };
		21B7025D42AB216F2BD01D5B /* DiscoverView.swift */ = {isa = PBXFileReference; lastKnownFileType = sourcecode.swift; path = DiscoverView.swift; sourceTree = "<group>"; };
		2431443C39787C21D925C435 /* PlaybackURLResolverTests.swift */ = {isa = PBXFileReference; lastKnownFileType = sourcecode.swift; path = PlaybackURLResolverTests.swift; sourceTree = "<group>"; };
		26011CDFF363FA05A89B2898 /* LibraryModels.swift */ = {isa = PBXFileReference; lastKnownFileType = sourcecode.swift; path = LibraryModels.swift; sourceTree = "<group>"; };
		2777456BFDF8F3B2FF93A5B2 /* ShellInteractionTests.swift */ = {isa = PBXFileReference; lastKnownFileType = sourcecode.swift; path = ShellInteractionTests.swift; sourceTree = "<group>"; };
		2931BE48DB1A297EC3191C39 /* source-bundle.js */ = {isa = PBXFileReference; lastKnownFileType = sourcecode.javascript; path = "source-bundle.js"; sourceTree = "<group>"; };
		2B7C19357F8DDBAE431FF001 /* Info.plist */ = {isa = PBXFileReference; lastKnownFileType = text.plist; path = Info.plist; sourceTree = "<group>"; };
		2EF2207112DD6FF9C4D7D160 /* FallbackPlaybackURLResolverTests.swift */ = {isa = PBXFileReference; lastKnownFileType = sourcecode.swift; path = FallbackPlaybackURLResolverTests.swift; sourceTree = "<group>"; };
		3080232A9FEDC04BB7B8BEA4 /* SongRow.swift */ = {isa = PBXFileReference; lastKnownFileType = sourcecode.swift; path = SongRow.swift; sourceTree = "<group>"; };
		31A1B9444845B790C78ED7B0 /* SecurityBridge.swift */ = {isa = PBXFileReference; lastKnownFileType = sourcecode.swift; path = SecurityBridge.swift; sourceTree = "<group>"; };
		337C15C1593EC29A9D42F238 /* KaraokeLyrics.swift */ = {isa = PBXFileReference; lastKnownFileType = sourcecode.swift; path = KaraokeLyrics.swift; sourceTree = "<group>"; };
		36A34BFECCFDE44A8C4B1B04 /* Info.plist */ = {isa = PBXFileReference; lastKnownFileType = text.plist; path = Info.plist; sourceTree = "<group>"; };
		36C34DC215A6702A788FFF6A /* QualityBadge.swift */ = {isa = PBXFileReference; lastKnownFileType = sourcecode.swift; path = QualityBadge.swift; sourceTree = "<group>"; };
		37757D19F8858B8ABA516C35 /* DiscoveryViewModel.swift */ = {isa = PBXFileReference; lastKnownFileType = sourcecode.swift; path = DiscoveryViewModel.swift; sourceTree = "<group>"; };
		38306610D315CA28D8009742 /* QualitySheet.swift */ = {isa = PBXFileReference; lastKnownFileType = sourcecode.swift; path = QualitySheet.swift; sourceTree = "<group>"; };
		3E07FEE1C6FDFBA2097C6AAA /* TransportBar.swift */ = {isa = PBXFileReference; lastKnownFileType = sourcecode.swift; path = TransportBar.swift; sourceTree = "<group>"; };
		42F594F397AF9FF8C19A1D42 /* KaraokeLyricsTests.swift */ = {isa = PBXFileReference; lastKnownFileType = sourcecode.swift; path = KaraokeLyricsTests.swift; sourceTree = "<group>"; };
		450235EC55571F09C6B63486 /* PlaybackQueue.swift */ = {isa = PBXFileReference; lastKnownFileType = sourcecode.swift; path = PlaybackQueue.swift; sourceTree = "<group>"; };
		477584615FE1DDEDE067EAFB /* LyricsArtworkTests.swift */ = {isa = PBXFileReference; lastKnownFileType = sourcecode.swift; path = LyricsArtworkTests.swift; sourceTree = "<group>"; };
		4A187AA0404C33C8BC38A76A /* PlaybackURLResolver.swift */ = {isa = PBXFileReference; lastKnownFileType = sourcecode.swift; path = PlaybackURLResolver.swift; sourceTree = "<group>"; };
		4BABFCFE6594F1616267CADF /* Lyrics.swift */ = {isa = PBXFileReference; lastKnownFileType = sourcecode.swift; path = Lyrics.swift; sourceTree = "<group>"; };
		4FA173DE89542F08636CCD14 /* PlayerPalette.swift */ = {isa = PBXFileReference; lastKnownFileType = sourcecode.swift; path = PlayerPalette.swift; sourceTree = "<group>"; };
		50DE199A9D2367C9FAEF1783 /* SonarTests.xctest */ = {isa = PBXFileReference; includeInIndex = 0; lastKnownFileType = wrapper.cfbundle; path = SonarTests.xctest; sourceTree = BUILT_PRODUCTS_DIR; };
		5505502F5E38F158FA4B1B5A /* PlaybackServiceQualityTests.swift */ = {isa = PBXFileReference; lastKnownFileType = sourcecode.swift; path = PlaybackServiceQualityTests.swift; sourceTree = "<group>"; };
		582DC6360F03725FE5CECA39 /* SourceModelsTests.swift */ = {isa = PBXFileReference; lastKnownFileType = sourcecode.swift; path = SourceModelsTests.swift; sourceTree = "<group>"; };
		5DA50D84C00E00E338066897 /* DiscoveryMasonryTests.swift */ = {isa = PBXFileReference; lastKnownFileType = sourcecode.swift; path = DiscoveryMasonryTests.swift; sourceTree = "<group>"; };
		63F91E43C674532E00D70D57 /* BuildCredentialStoreTests.swift */ = {isa = PBXFileReference; lastKnownFileType = sourcecode.swift; path = BuildCredentialStoreTests.swift; sourceTree = "<group>"; };
		6ACD8DDDE5E548ADB1CA6E26 /* LibraryStore.swift */ = {isa = PBXFileReference; lastKnownFileType = sourcecode.swift; path = LibraryStore.swift; sourceTree = "<group>"; };
		6E5EED7134E31ACCC9993AB0 /* Assets.xcassets */ = {isa = PBXFileReference; lastKnownFileType = folder.assetcatalog; path = Assets.xcassets; sourceTree = "<group>"; };
		6F60B4B0591442EA64C302E0 /* BuildCredentialStore.swift */ = {isa = PBXFileReference; lastKnownFileType = sourcecode.swift; path = BuildCredentialStore.swift; sourceTree = "<group>"; };
		6F7F921047A8D92FECF278CF /* AlbumFace.swift */ = {isa = PBXFileReference; lastKnownFileType = sourcecode.swift; path = AlbumFace.swift; sourceTree = "<group>"; };
		7D59147B23A5D04E4EBA271D /* DiscoveryViewModelTests.swift */ = {isa = PBXFileReference; lastKnownFileType = sourcecode.swift; path = DiscoveryViewModelTests.swift; sourceTree = "<group>"; };
		7E179A67DAA8C9A38B93B5C5 /* ToastOverlay.swift */ = {isa = PBXFileReference; lastKnownFileType = sourcecode.swift; path = ToastOverlay.swift; sourceTree = "<group>"; };
		7EFC9D29E2E8C6E459BE3932 /* KaraokeLyricsView.swift */ = {isa = PBXFileReference; lastKnownFileType = sourcecode.swift; path = KaraokeLyricsView.swift; sourceTree = "<group>"; };
		7FD6117061EF6855072332D5 /* QueueSheet.swift */ = {isa = PBXFileReference; lastKnownFileType = sourcecode.swift; path = QueueSheet.swift; sourceTree = "<group>"; };
		823144748B5B2E1E759FC882 /* SourceRuntimeTests.swift */ = {isa = PBXFileReference; lastKnownFileType = sourcecode.swift; path = SourceRuntimeTests.swift; sourceTree = "<group>"; };
		894FFA986F474E822DF07866 /* FallbackPlaybackURLResolver.swift */ = {isa = PBXFileReference; lastKnownFileType = sourcecode.swift; path = FallbackPlaybackURLResolver.swift; sourceTree = "<group>"; };
		8A3DC582BF54B809E00F210B /* BottomCapsule.swift */ = {isa = PBXFileReference; lastKnownFileType = sourcecode.swift; path = BottomCapsule.swift; sourceTree = "<group>"; };
		8CCA531797715B360AB7222C /* Icons.swift */ = {isa = PBXFileReference; lastKnownFileType = sourcecode.swift; path = Icons.swift; sourceTree = "<group>"; };
		8F0ECA31FC7B1E12EAE9F14D /* PlayerPage.swift */ = {isa = PBXFileReference; lastKnownFileType = sourcecode.swift; path = PlayerPage.swift; sourceTree = "<group>"; };
		9BCB6EA4B48AAD5F80A2F91F /* SettingsView.swift */ = {isa = PBXFileReference; lastKnownFileType = sourcecode.swift; path = SettingsView.swift; sourceTree = "<group>"; };
		9E9A3FC39AE2B3C9A19D100F /* SearchViewModelTests.swift */ = {isa = PBXFileReference; lastKnownFileType = sourcecode.swift; path = SearchViewModelTests.swift; sourceTree = "<group>"; };
		A528670C24FC8C1AC136A929 /* M3SchemeTests.swift */ = {isa = PBXFileReference; lastKnownFileType = sourcecode.swift; path = M3SchemeTests.swift; sourceTree = "<group>"; };
		A5C6311BA7B0AA1A095870AA /* FlowingLightBackground.swift */ = {isa = PBXFileReference; lastKnownFileType = sourcecode.swift; path = FlowingLightBackground.swift; sourceTree = "<group>"; };
		A6952DE2A6614C64A7DA896D /* CoverActionsSheet.swift */ = {isa = PBXFileReference; lastKnownFileType = sourcecode.swift; path = CoverActionsSheet.swift; sourceTree = "<group>"; };
		A73EFD248035C9B528F3F9CB /* ArtworkService.swift */ = {isa = PBXFileReference; lastKnownFileType = sourcecode.swift; path = ArtworkService.swift; sourceTree = "<group>"; };
		ACC2B15B9CA2543216C4296B /* ThemeState.swift */ = {isa = PBXFileReference; lastKnownFileType = sourcecode.swift; path = ThemeState.swift; sourceTree = "<group>"; };
		B2E11E59C2BDFF4AD9DD59B8 /* UIPreferences.swift */ = {isa = PBXFileReference; lastKnownFileType = sourcecode.swift; path = UIPreferences.swift; sourceTree = "<group>"; };
		B360F26B77EE77962CC5B76E /* PlaylistDetailActions.swift */ = {isa = PBXFileReference; lastKnownFileType = sourcecode.swift; path = PlaylistDetailActions.swift; sourceTree = "<group>"; };
		B4873C9CD18E857D410F0903 /* SourceRuntime.swift */ = {isa = PBXFileReference; lastKnownFileType = sourcecode.swift; path = SourceRuntime.swift; sourceTree = "<group>"; };
		BA8450B8875639E3642B3EF1 /* SpinningCoverArt.swift */ = {isa = PBXFileReference; lastKnownFileType = sourcecode.swift; path = SpinningCoverArt.swift; sourceTree = "<group>"; };
		BB25826E80F220BFE6A05B3D /* PlaybackService.swift */ = {isa = PBXFileReference; lastKnownFileType = sourcecode.swift; path = PlaybackService.swift; sourceTree = "<group>"; };
		BE4216B9E4E0F3B63F32E34D /* SongsView.swift */ = {isa = PBXFileReference; lastKnownFileType = sourcecode.swift; path = SongsView.swift; sourceTree = "<group>"; };
		C3955CB53C63B2A1DB50F8F6 /* SearchViewModel.swift */ = {isa = PBXFileReference; lastKnownFileType = sourcecode.swift; path = SearchViewModel.swift; sourceTree = "<group>"; };
		C4BE53DF67468C133914605A /* SonarApp.swift */ = {isa = PBXFileReference; lastKnownFileType = sourcecode.swift; path = SonarApp.swift; sourceTree = "<group>"; };
		C5B0A53749C9C59898311059 /* M3Scheme.swift */ = {isa = PBXFileReference; lastKnownFileType = sourcecode.swift; path = M3Scheme.swift; sourceTree = "<group>"; };
		C8928BDA5BA8426AD17AAD20 /* OnlinePlaylistDetailView.swift */ = {isa = PBXFileReference; lastKnownFileType = sourcecode.swift; path = OnlinePlaylistDetailView.swift; sourceTree = "<group>"; };
		CFADE74C0680A6B183F23EFB /* PlaybackQueueTests.swift */ = {isa = PBXFileReference; lastKnownFileType = sourcecode.swift; path = PlaybackQueueTests.swift; sourceTree = "<group>"; };
		D15663FD95D43381881A7594 /* RootView.swift */ = {isa = PBXFileReference; lastKnownFileType = sourcecode.swift; path = RootView.swift; sourceTree = "<group>"; };
		DF3EAE2202539F390410EF90 /* OnlinePlaylistDetailViewModel.swift */ = {isa = PBXFileReference; lastKnownFileType = sourcecode.swift; path = OnlinePlaylistDetailViewModel.swift; sourceTree = "<group>"; };
		E0EA2B04C18A56C9D4F2E6BC /* ArtworkPalette.swift */ = {isa = PBXFileReference; lastKnownFileType = sourcecode.swift; path = ArtworkPalette.swift; sourceTree = "<group>"; };
		E82FBC791AAE24EFC9A544E1 /* DiscoveryMasonry.swift */ = {isa = PBXFileReference; lastKnownFileType = sourcecode.swift; path = DiscoveryMasonry.swift; sourceTree = "<group>"; };
		EE0491EEF08DC41DD523100C /* AppMotion.swift */ = {isa = PBXFileReference; lastKnownFileType = sourcecode.swift; path = AppMotion.swift; sourceTree = "<group>"; };
		F01BAE831EC9D17B3679023F /* PlaybackURLCacheTests.swift */ = {isa = PBXFileReference; lastKnownFileType = sourcecode.swift; path = PlaybackURLCacheTests.swift; sourceTree = "<group>"; };
		F0865577F07EB71937350124 /* PlayerPullController.swift */ = {isa = PBXFileReference; lastKnownFileType = sourcecode.swift; path = PlayerPullController.swift; sourceTree = "<group>"; };
		F26CF6694394C69F6AC0B84A /* PlaybackURLCache.swift */ = {isa = PBXFileReference; lastKnownFileType = sourcecode.swift; path = PlaybackURLCache.swift; sourceTree = "<group>"; };
		F74D5FDBD441E80006CE4316 /* PlaylistDetailView.swift */ = {isa = PBXFileReference; lastKnownFileType = sourcecode.swift; path = PlaylistDetailView.swift; sourceTree = "<group>"; };
		FB7FA3DD083707A1D97DCEB5 /* AddToPlaylistSheet.swift */ = {isa = PBXFileReference; lastKnownFileType = sourcecode.swift; path = AddToPlaylistSheet.swift; sourceTree = "<group>"; };
		FBCDBA8A850047173492B69E /* Sonar.app */ = {isa = PBXFileReference; includeInIndex = 0; lastKnownFileType = wrapper.application; path = Sonar.app; sourceTree = BUILT_PRODUCTS_DIR; };
		FFC8F9394CC9701D9490C16A /* CommonCryptoBridge.swift */ = {isa = PBXFileReference; lastKnownFileType = sourcecode.swift; path = CommonCryptoBridge.swift; sourceTree = "<group>"; };
/* End PBXFileReference section */

/* Begin PBXGroup section */
		55E2A881C6E191B0E455A7C7 /* SonarTests */ = {
			isa = PBXGroup;
			children = (
				63F91E43C674532E00D70D57 /* BuildCredentialStoreTests.swift */,
				5DA50D84C00E00E338066897 /* DiscoveryMasonryTests.swift */,
				7D59147B23A5D04E4EBA271D /* DiscoveryViewModelTests.swift */,
				2EF2207112DD6FF9C4D7D160 /* FallbackPlaybackURLResolverTests.swift */,
				36A34BFECCFDE44A8C4B1B04 /* Info.plist */,
				42F594F397AF9FF8C19A1D42 /* KaraokeLyricsTests.swift */,
				1F341ACD4296C6D667FE251A /* LibraryStoreTests.swift */,
				477584615FE1DDEDE067EAFB /* LyricsArtworkTests.swift */,
				A528670C24FC8C1AC136A929 /* M3SchemeTests.swift */,
				0A1D26518E7026EA4654925F /* OnlinePlaylistDetailViewModelTests.swift */,
				CFADE74C0680A6B183F23EFB /* PlaybackQueueTests.swift */,
				5505502F5E38F158FA4B1B5A /* PlaybackServiceQualityTests.swift */,
				F01BAE831EC9D17B3679023F /* PlaybackURLCacheTests.swift */,
				2431443C39787C21D925C435 /* PlaybackURLResolverTests.swift */,
				9E9A3FC39AE2B3C9A19D100F /* SearchViewModelTests.swift */,
				2777456BFDF8F3B2FF93A5B2 /* ShellInteractionTests.swift */,
				582DC6360F03725FE5CECA39 /* SourceModelsTests.swift */,
				823144748B5B2E1E759FC882 /* SourceRuntimeTests.swift */,
			);
			path = SonarTests;
			sourceTree = "<group>";
		};
		84220EB3A3A0CA7750580CC4 = {
			isa = PBXGroup;
			children = (
				8E662CAFB732C9989839C8E8 /* Sonar */,
				55E2A881C6E191B0E455A7C7 /* SonarTests */,
				91249AF9156547D24ABADACE /* Products */,
			);
			sourceTree = "<group>";
		};
		85CAC70806AFEC46F93886DD /* DesignSystem */ = {
			isa = PBXGroup;
			children = (
				EE0491EEF08DC41DD523100C /* AppMotion.swift */,
				8CCA531797715B360AB7222C /* Icons.swift */,
				C5B0A53749C9C59898311059 /* M3Scheme.swift */,
				4FA173DE89542F08636CCD14 /* PlayerPalette.swift */,
				B2E11E59C2BDFF4AD9DD59B8 /* UIPreferences.swift */,
			);
			path = DesignSystem;
			sourceTree = "<group>";
		};
		8E662CAFB732C9989839C8E8 /* Sonar */ = {
			isa = PBXGroup;
			children = (
				E0EA2B04C18A56C9D4F2E6BC /* ArtworkPalette.swift */,
				A73EFD248035C9B528F3F9CB /* ArtworkService.swift */,
				6E5EED7134E31ACCC9993AB0 /* Assets.xcassets */,
				6F60B4B0591442EA64C302E0 /* BuildCredentialStore.swift */,
				FFC8F9394CC9701D9490C16A /* CommonCryptoBridge.swift */,
				894FFA986F474E822DF07866 /* FallbackPlaybackURLResolver.swift */,
				2B7C19357F8DDBAE431FF001 /* Info.plist */,
				26011CDFF363FA05A89B2898 /* LibraryModels.swift */,
				6ACD8DDDE5E548ADB1CA6E26 /* LibraryStore.swift */,
				4BABFCFE6594F1616267CADF /* Lyrics.swift */,
				450235EC55571F09C6B63486 /* PlaybackQueue.swift */,
				BB25826E80F220BFE6A05B3D /* PlaybackService.swift */,
				F26CF6694394C69F6AC0B84A /* PlaybackURLCache.swift */,
				4A187AA0404C33C8BC38A76A /* PlaybackURLResolver.swift */,
				31A1B9444845B790C78ED7B0 /* SecurityBridge.swift */,
				C4BE53DF67468C133914605A /* SonarApp.swift */,
				20D71D4430F13816E4463BEB /* SourceModels.swift */,
				B4873C9CD18E857D410F0903 /* SourceRuntime.swift */,
				ACC2B15B9CA2543216C4296B /* ThemeState.swift */,
				EA5BE55336BE7F51F0061924 /* AppShell */,
				9F6FF2D63BE6661B6A4D959F /* Components */,
				85CAC70806AFEC46F93886DD /* DesignSystem */,
				E052AA153D56ACEB24394F29 /* Player */,
				DDA8625408F5984D05B1E96D /* Resources */,
				E7F330810D2107F1092301B0 /* Screens */,
			);
			path = Sonar;
			sourceTree = "<group>";
		};
		91249AF9156547D24ABADACE /* Products */ = {
			isa = PBXGroup;
			children = (
				FBCDBA8A850047173492B69E /* Sonar.app */,
				50DE199A9D2367C9FAEF1783 /* SonarTests.xctest */,
			);
			name = Products;
			sourceTree = "<group>";
		};
		9F6FF2D63BE6661B6A4D959F /* Components */ = {
			isa = PBXGroup;
			children = (
				FB7FA3DD083707A1D97DCEB5 /* AddToPlaylistSheet.swift */,
				8A3DC582BF54B809E00F210B /* BottomCapsule.swift */,
				07B622B9E6C84FC10638B2D6 /* PlayingEqualizer.swift */,
				B360F26B77EE77962CC5B76E /* PlaylistDetailActions.swift */,
				36C34DC215A6702A788FFF6A /* QualityBadge.swift */,
				3080232A9FEDC04BB7B8BEA4 /* SongRow.swift */,
				7E179A67DAA8C9A38B93B5C5 /* ToastOverlay.swift */,
			);
			path = Components;
			sourceTree = "<group>";
		};
		DDA8625408F5984D05B1E96D /* Resources */ = {
			isa = PBXGroup;
			children = (
				2931BE48DB1A297EC3191C39 /* source-bundle.js */,
			);
			path = Resources;
			sourceTree = "<group>";
		};
		E052AA153D56ACEB24394F29 /* Player */ = {
			isa = PBXGroup;
			children = (
				6F7F921047A8D92FECF278CF /* AlbumFace.swift */,
				A6952DE2A6614C64A7DA896D /* CoverActionsSheet.swift */,
				A5C6311BA7B0AA1A095870AA /* FlowingLightBackground.swift */,
				337C15C1593EC29A9D42F238 /* KaraokeLyrics.swift */,
				7EFC9D29E2E8C6E459BE3932 /* KaraokeLyricsView.swift */,
				084822A4565C9A88078621FC /* PlayerArtwork.swift */,
				8F0ECA31FC7B1E12EAE9F14D /* PlayerPage.swift */,
				38306610D315CA28D8009742 /* QualitySheet.swift */,
				7FD6117061EF6855072332D5 /* QueueSheet.swift */,
				BA8450B8875639E3642B3EF1 /* SpinningCoverArt.swift */,
				3E07FEE1C6FDFBA2097C6AAA /* TransportBar.swift */,
			);
			path = Player;
			sourceTree = "<group>";
		};
		E7F330810D2107F1092301B0 /* Screens */ = {
			isa = PBXGroup;
			children = (
				21B7025D42AB216F2BD01D5B /* DiscoverView.swift */,
				E82FBC791AAE24EFC9A544E1 /* DiscoveryMasonry.swift */,
				37757D19F8858B8ABA516C35 /* DiscoveryViewModel.swift */,
				C8928BDA5BA8426AD17AAD20 /* OnlinePlaylistDetailView.swift */,
				DF3EAE2202539F390410EF90 /* OnlinePlaylistDetailViewModel.swift */,
				F74D5FDBD441E80006CE4316 /* PlaylistDetailView.swift */,
				C3955CB53C63B2A1DB50F8F6 /* SearchViewModel.swift */,
				9BCB6EA4B48AAD5F80A2F91F /* SettingsView.swift */,
				BE4216B9E4E0F3B63F32E34D /* SongsView.swift */,
			);
			path = Screens;
			sourceTree = "<group>";
		};
		EA5BE55336BE7F51F0061924 /* AppShell */ = {
			isa = PBXGroup;
			children = (
				F0865577F07EB71937350124 /* PlayerPullController.swift */,
				D15663FD95D43381881A7594 /* RootView.swift */,
			);
			path = AppShell;
			sourceTree = "<group>";
		};
/* End PBXGroup section */

/* Begin PBXNativeTarget section */
		3B4A417834543C3E70086B39 /* SonarTests */ = {
			isa = PBXNativeTarget;
			buildConfigurationList = 2826846DFB415CD86F1AC822 /* Build configuration list for PBXNativeTarget "SonarTests" */;
			buildPhases = (
				64FB317C0D56A82EC9C65B09 /* Sources */,
			);
			buildRules = (
			);
			dependencies = (
				10C7ED51345F29A524FF4126 /* PBXTargetDependency */,
			);
			name = SonarTests;
			packageProductDependencies = (
			);
			productName = SonarTests;
			productReference = 50DE199A9D2367C9FAEF1783 /* SonarTests.xctest */;
			productType = "com.apple.product-type.bundle.unit-test";
		};
		A17F7B6FDCF0C29A2AEA81F2 /* Sonar */ = {
			isa = PBXNativeTarget;
			buildConfigurationList = 83ED670357959AF99821D60F /* Build configuration list for PBXNativeTarget "Sonar" */;
			buildPhases = (
				7C988BE8E568319B7F4A0FF2 /* Sources */,
				64401E30938C031972D59051 /* Resources */,
				8C3A8F0972B6A0900D8008A3 /* Embed local build credentials */,
			);
			buildRules = (
			);
			dependencies = (
			);
			name = Sonar;
			packageProductDependencies = (
			);
			productName = Sonar;
			productReference = FBCDBA8A850047173492B69E /* Sonar.app */;
			productType = "com.apple.product-type.application";
		};
/* End PBXNativeTarget section */

/* Begin PBXProject section */
		B57AF75FE96B8E5347F20F03 /* Project object */ = {
			isa = PBXProject;
			attributes = {
				BuildIndependentTargetsInParallel = YES;
				LastUpgradeCheck = 1430;
				TargetAttributes = {
				};
			};
			buildConfigurationList = 69C2BB67C0034DFAA65AB16D /* Build configuration list for PBXProject "Sonar" */;
			developmentRegion = "zh-Hans";
			hasScannedForEncodings = 0;
			knownRegions = (
				Base,
				"zh-Hans",
			);
			mainGroup = 84220EB3A3A0CA7750580CC4;
			minimizedProjectReferenceProxies = 1;
			preferredProjectObjectVersion = 77;
			productRefGroup = 91249AF9156547D24ABADACE /* Products */;
			projectDirPath = "";
			projectRoot = "";
			targets = (
				A17F7B6FDCF0C29A2AEA81F2 /* Sonar */,
				3B4A417834543C3E70086B39 /* SonarTests */,
			);
		};
/* End PBXProject section */

/* Begin PBXResourcesBuildPhase section */
		64401E30938C031972D59051 /* Resources */ = {
			isa = PBXResourcesBuildPhase;
			buildActionMask = 2147483647;
			files = (
				79F8EBE93D4C886200C66CEA /* Assets.xcassets in Resources */,
				9FFCA6673E96AB9E38E4D3C9 /* source-bundle.js in Resources */,
			);
			runOnlyForDeploymentPostprocessing = 0;
		};
/* End PBXResourcesBuildPhase section */

/* Begin PBXShellScriptBuildPhase section */
		8C3A8F0972B6A0900D8008A3 /* Embed local build credentials */ = {
			isa = PBXShellScriptBuildPhase;
			alwaysOutOfDate = 1;
			buildActionMask = 2147483647;
			files = (
			);
			inputFileListPaths = (
			);
			inputPaths = (
			);
			name = "Embed local build credentials";
			outputFileListPaths = (
			);
			outputPaths = (
			);
			runOnlyForDeploymentPostprocessing = 0;
			shellPath = /bin/sh;
			shellScript = "CREDENTIAL_OUTPUT=\"${DERIVED_FILE_DIR}/BuildCredentials.json\"\nnode \"${SRCROOT}/scripts/generate-build-credentials.mjs\" \"${CREDENTIAL_OUTPUT}\"\ninstall -d \"${TARGET_BUILD_DIR}/${UNLOCALIZED_RESOURCES_FOLDER_PATH}\"\ninstall -m 600 \"${CREDENTIAL_OUTPUT}\" \"${TARGET_BUILD_DIR}/${UNLOCALIZED_RESOURCES_FOLDER_PATH}/BuildCredentials.json\"\n";
		};
/* End PBXShellScriptBuildPhase section */

/* Begin PBXSourcesBuildPhase section */
		64FB317C0D56A82EC9C65B09 /* Sources */ = {
			isa = PBXSourcesBuildPhase;
			buildActionMask = 2147483647;
			files = (
				7A4F55FBD8C52EDB720EE20E /* BuildCredentialStoreTests.swift in Sources */,
				A347B35802D711398BBDDBEB /* DiscoveryMasonryTests.swift in Sources */,
				8D9EAD8F17C6E0BC14CE5204 /* DiscoveryViewModelTests.swift in Sources */,
				2645929E175A823EB0FE3B9D /* FallbackPlaybackURLResolverTests.swift in Sources */,
				A51185D84F9DD91C033C3BE1 /* KaraokeLyricsTests.swift in Sources */,
				3F27F7A4DF9696DFA80CD7A5 /* LibraryStoreTests.swift in Sources */,
				F05C47DC3B7CDCC51729E460 /* LyricsArtworkTests.swift in Sources */,
				CCC356E7A67270652E97396F /* M3SchemeTests.swift in Sources */,
				A7879CF1E96CCD25FD6F39A6 /* OnlinePlaylistDetailViewModelTests.swift in Sources */,
				2F6C9A3A77623AF46B8EA5AF /* PlaybackQueueTests.swift in Sources */,
				8ACA53A8E8B62DF15217A5F7 /* PlaybackServiceQualityTests.swift in Sources */,
				D7487B0ACB325D5E600C6E05 /* PlaybackURLCacheTests.swift in Sources */,
				4B9C29036D8361B5346082F1 /* PlaybackURLResolverTests.swift in Sources */,
				153F713EB29102A0CE6D4B76 /* SearchViewModelTests.swift in Sources */,
				70EB1837EC4420DD97345C77 /* ShellInteractionTests.swift in Sources */,
				DCC994B4E647E369F290F890 /* SourceModelsTests.swift in Sources */,
				0108540035DD886055A80702 /* SourceRuntimeTests.swift in Sources */,
			);
			runOnlyForDeploymentPostprocessing = 0;
		};
		7C988BE8E568319B7F4A0FF2 /* Sources */ = {
			isa = PBXSourcesBuildPhase;
			buildActionMask = 2147483647;
			files = (
				27B2E5179FE340020A5625CE /* AddToPlaylistSheet.swift in Sources */,
				43CD3AEBDDCBC0B4765C3E17 /* AlbumFace.swift in Sources */,
				B79D52F6E65651E1D5D8AFF4 /* AppMotion.swift in Sources */,
				ECB552CFAFC383946E5F9B35 /* ArtworkPalette.swift in Sources */,
				F7E9F7607BD999EE802E71E9 /* ArtworkService.swift in Sources */,
				36418007708D397E8BE4CF28 /* BottomCapsule.swift in Sources */,
				A9AE8D025631CAF898D158A9 /* BuildCredentialStore.swift in Sources */,
				1EE5664EB824B6ED410F4183 /* CommonCryptoBridge.swift in Sources */,
				8BAEAC65DC833A534322C035 /* CoverActionsSheet.swift in Sources */,
				5606CC309EB25391C07A493C /* DiscoverView.swift in Sources */,
				31ECB3C15B5E6D5EF489136E /* DiscoveryMasonry.swift in Sources */,
				2E7D13EFF607BC9957874E0B /* DiscoveryViewModel.swift in Sources */,
				93B6A65068C432DF3FEA5054 /* FallbackPlaybackURLResolver.swift in Sources */,
				75365FC1462F820C235C1672 /* FlowingLightBackground.swift in Sources */,
				5A55326C0B38E947E1B5A637 /* Icons.swift in Sources */,
				4B5AA5F26183998A2CCDC40A /* KaraokeLyrics.swift in Sources */,
				11655853DA39CABB92DCF693 /* KaraokeLyricsView.swift in Sources */,
				158D633DE820239A440A6817 /* LibraryModels.swift in Sources */,
				A33731C2FB928F04D0A6E14A /* LibraryStore.swift in Sources */,
				540EEDA4419A9A732D08D5F6 /* Lyrics.swift in Sources */,
				27DF39947DBF445C999D2FFB /* M3Scheme.swift in Sources */,
				77823E69F94DF12FE2B33020 /* OnlinePlaylistDetailView.swift in Sources */,
				1F478425B781DC8B8C2060BD /* OnlinePlaylistDetailViewModel.swift in Sources */,
				27F4265CCD2C3F3429E40095 /* PlaybackQueue.swift in Sources */,
				D0CF85FDD1BF0F805AAC893F /* PlaybackService.swift in Sources */,
				15154B117DC173D22B9F67D6 /* PlaybackURLCache.swift in Sources */,
				F3912122DFB13666E703F465 /* PlaybackURLResolver.swift in Sources */,
				F41CAAB893659495EEFFD012 /* PlayerArtwork.swift in Sources */,
				CBA5F11BFBEB660A2096BA90 /* PlayerPage.swift in Sources */,
				CEC90225BE102E2FC4B0B08E /* PlayerPalette.swift in Sources */,
				A4AA32949043B0D5D115CF7E /* PlayerPullController.swift in Sources */,
				53198B5BF3D3961430F76D21 /* PlayingEqualizer.swift in Sources */,
				09DC6AACFD5438547D5D84AB /* PlaylistDetailActions.swift in Sources */,
				386AB54DC24767D8C846FE69 /* PlaylistDetailView.swift in Sources */,
				7647B97C127EC7F0A172D228 /* QualityBadge.swift in Sources */,
				C75A6000F0E8384EE9F58CD1 /* QualitySheet.swift in Sources */,
				6DD0D71E00BCB48AB525E982 /* QueueSheet.swift in Sources */,
				28BD98FF1A8F3A1B147C03D0 /* RootView.swift in Sources */,
				BFCE11F52C7F8236BB409ED2 /* SearchViewModel.swift in Sources */,
				26FCAACF94F51F504364CE16 /* SecurityBridge.swift in Sources */,
				1729AC660D12ABAAA2822994 /* SettingsView.swift in Sources */,
				081601FE13DC4F6CC4BECB93 /* SonarApp.swift in Sources */,
				151055174EAF225E4D91E9F4 /* SongRow.swift in Sources */,
				ADD1640DC2D9A7FD0E69C200 /* SongsView.swift in Sources */,
				36B26DFAE25D317CC4BA1685 /* SourceModels.swift in Sources */,
				6CD60E3CFDB28C33042F3814 /* SourceRuntime.swift in Sources */,
				28483A3C7E4549A2CF6841F1 /* SpinningCoverArt.swift in Sources */,
				A7BF89AEB063AECC71DA0947 /* ThemeState.swift in Sources */,
				F14EC2B8475DB8F382D6ADC7 /* ToastOverlay.swift in Sources */,
				F5FD0195E6AF7728BE1CD0CD /* TransportBar.swift in Sources */,
				766580A1DEA22FB604515B4A /* UIPreferences.swift in Sources */,
			);
			runOnlyForDeploymentPostprocessing = 0;
		};
/* End PBXSourcesBuildPhase section */

/* Begin PBXTargetDependency section */
		10C7ED51345F29A524FF4126 /* PBXTargetDependency */ = {
			isa = PBXTargetDependency;
			target = A17F7B6FDCF0C29A2AEA81F2 /* Sonar */;
			targetProxy = FB2B07B6FA538C4537C751C3 /* PBXContainerItemProxy */;
		};
/* End PBXTargetDependency section */

/* Begin XCBuildConfiguration section */
		14D5DBB0D8CF8B64F58B70AB /* Debug */ = {
			isa = XCBuildConfiguration;
			buildSettings = {
				ASSETCATALOG_COMPILER_APPICON_NAME = AppIcon;
				CODE_SIGN_IDENTITY = "iPhone Developer";
				INFOPLIST_FILE = Sonar/Info.plist;
				INFOPLIST_KEY_CFBundleDisplayName = Sonar;
				INFOPLIST_KEY_UIRequiresFullScreen = YES;
				INFOPLIST_KEY_UISupportedInterfaceOrientations_iPhone = UIInterfaceOrientationPortrait;
				LD_RUNPATH_SEARCH_PATHS = (
					"$(inherited)",
					"@executable_path/Frameworks",
				);
				PRODUCT_BUNDLE_IDENTIFIER = cn.bobochang.sonar;
				PRODUCT_NAME = Sonar;
				SDKROOT = iphoneos;
				SUPPORTS_MACCATALYST = NO;
				TARGETED_DEVICE_FAMILY = 1;
			};
			name = Debug;
		};
		5E1F3FD9EA12B3C5224732BB /* Release */ = {
			isa = XCBuildConfiguration;
			buildSettings = {
				ALWAYS_SEARCH_USER_PATHS = NO;
				CLANG_ANALYZER_NONNULL = YES;
				CLANG_ANALYZER_NUMBER_OBJECT_CONVERSION = YES_AGGRESSIVE;
				CLANG_CXX_LANGUAGE_STANDARD = "gnu++14";
				CLANG_CXX_LIBRARY = "libc++";
				CLANG_ENABLE_MODULES = YES;
				CLANG_ENABLE_OBJC_ARC = YES;
				CLANG_ENABLE_OBJC_WEAK = YES;
				CLANG_WARN_BLOCK_CAPTURE_AUTORELEASING = YES;
				CLANG_WARN_BOOL_CONVERSION = YES;
				CLANG_WARN_COMMA = YES;
				CLANG_WARN_CONSTANT_CONVERSION = YES;
				CLANG_WARN_DEPRECATED_OBJC_IMPLEMENTATIONS = YES;
				CLANG_WARN_DIRECT_OBJC_ISA_USAGE = YES_ERROR;
				CLANG_WARN_DOCUMENTATION_COMMENTS = YES;
				CLANG_WARN_EMPTY_BODY = YES;
				CLANG_WARN_ENUM_CONVERSION = YES;
				CLANG_WARN_INFINITE_RECURSION = YES;
				CLANG_WARN_INT_CONVERSION = YES;
				CLANG_WARN_NON_LITERAL_NULL_CONVERSION = YES;
				CLANG_WARN_OBJC_IMPLICIT_RETAIN_SELF = YES;
				CLANG_WARN_OBJC_LITERAL_CONVERSION = YES;
				CLANG_WARN_OBJC_ROOT_CLASS = YES_ERROR;
				CLANG_WARN_QUOTED_INCLUDE_IN_FRAMEWORK_HEADER = YES;
				CLANG_WARN_RANGE_LOOP_ANALYSIS = YES;
				CLANG_WARN_STRICT_PROTOTYPES = YES;
				CLANG_WARN_SUSPICIOUS_MOVE = YES;
				CLANG_WARN_UNGUARDED_AVAILABILITY = YES_AGGRESSIVE;
				CLANG_WARN_UNREACHABLE_CODE = YES;
				CLANG_WARN__DUPLICATE_METHOD_MATCH = YES;
				COPY_PHASE_STRIP = NO;
				DEBUG_INFORMATION_FORMAT = "dwarf-with-dsym";
				ENABLE_NS_ASSERTIONS = NO;
				ENABLE_STRICT_OBJC_MSGSEND = YES;
				GCC_C_LANGUAGE_STANDARD = gnu11;
				GCC_NO_COMMON_BLOCKS = YES;
				GCC_WARN_64_TO_32_BIT_CONVERSION = YES;
				GCC_WARN_ABOUT_RETURN_TYPE = YES_ERROR;
				GCC_WARN_UNDECLARED_SELECTOR = YES;
				GCC_WARN_UNINITIALIZED_AUTOS = YES_AGGRESSIVE;
				GCC_WARN_UNUSED_FUNCTION = YES;
				GCC_WARN_UNUSED_VARIABLE = YES;
				INFOPLIST_KEY_UIApplicationSupportsIndirectInputEvents = YES;
				INFOPLIST_KEY_UILaunchScreen_Generation = YES;
				INFOPLIST_KEY_UIRequiresFullScreen = YES;
				INFOPLIST_KEY_UIStatusBarStyle = UIStatusBarStyleLightContent;
				INFOPLIST_KEY_UISupportedInterfaceOrientations_iPhone = UIInterfaceOrientationPortrait;
				IPHONEOS_DEPLOYMENT_TARGET = 17.0;
				MTL_ENABLE_DEBUG_INFO = NO;
				MTL_FAST_MATH = YES;
				PRODUCT_NAME = "$(TARGET_NAME)";
				SDKROOT = iphoneos;
				SUPPORTS_MACCATALYST = NO;
				SWIFT_COMPILATION_MODE = wholemodule;
				SWIFT_OPTIMIZATION_LEVEL = "-O";
				SWIFT_VERSION = 5.0;
				TARGETED_DEVICE_FAMILY = 1;
			};
			name = Release;
		};
		793EE02DD85804E3F2146728 /* Debug */ = {
			isa = XCBuildConfiguration;
			buildSettings = {
				ALWAYS_SEARCH_USER_PATHS = NO;
				CLANG_ANALYZER_NONNULL = YES;
				CLANG_ANALYZER_NUMBER_OBJECT_CONVERSION = YES_AGGRESSIVE;
				CLANG_CXX_LANGUAGE_STANDARD = "gnu++14";
				CLANG_CXX_LIBRARY = "libc++";
				CLANG_ENABLE_MODULES = YES;
				CLANG_ENABLE_OBJC_ARC = YES;
				CLANG_ENABLE_OBJC_WEAK = YES;
				CLANG_WARN_BLOCK_CAPTURE_AUTORELEASING = YES;
				CLANG_WARN_BOOL_CONVERSION = YES;
				CLANG_WARN_COMMA = YES;
				CLANG_WARN_CONSTANT_CONVERSION = YES;
				CLANG_WARN_DEPRECATED_OBJC_IMPLEMENTATIONS = YES;
				CLANG_WARN_DIRECT_OBJC_ISA_USAGE = YES_ERROR;
				CLANG_WARN_DOCUMENTATION_COMMENTS = YES;
				CLANG_WARN_EMPTY_BODY = YES;
				CLANG_WARN_ENUM_CONVERSION = YES;
				CLANG_WARN_INFINITE_RECURSION = YES;
				CLANG_WARN_INT_CONVERSION = YES;
				CLANG_WARN_NON_LITERAL_NULL_CONVERSION = YES;
				CLANG_WARN_OBJC_IMPLICIT_RETAIN_SELF = YES;
				CLANG_WARN_OBJC_LITERAL_CONVERSION = YES;
				CLANG_WARN_OBJC_ROOT_CLASS = YES_ERROR;
				CLANG_WARN_QUOTED_INCLUDE_IN_FRAMEWORK_HEADER = YES;
				CLANG_WARN_RANGE_LOOP_ANALYSIS = YES;
				CLANG_WARN_STRICT_PROTOTYPES = YES;
				CLANG_WARN_SUSPICIOUS_MOVE = YES;
				CLANG_WARN_UNGUARDED_AVAILABILITY = YES_AGGRESSIVE;
				CLANG_WARN_UNREACHABLE_CODE = YES;
				CLANG_WARN__DUPLICATE_METHOD_MATCH = YES;
				COPY_PHASE_STRIP = NO;
				DEBUG_INFORMATION_FORMAT = dwarf;
				ENABLE_STRICT_OBJC_MSGSEND = YES;
				ENABLE_TESTABILITY = YES;
				GCC_C_LANGUAGE_STANDARD = gnu11;
				GCC_DYNAMIC_NO_PIC = NO;
				GCC_NO_COMMON_BLOCKS = YES;
				GCC_OPTIMIZATION_LEVEL = 0;
				GCC_PREPROCESSOR_DEFINITIONS = (
					"$(inherited)",
					"DEBUG=1",
				);
				GCC_WARN_64_TO_32_BIT_CONVERSION = YES;
				GCC_WARN_ABOUT_RETURN_TYPE = YES_ERROR;
				GCC_WARN_UNDECLARED_SELECTOR = YES;
				GCC_WARN_UNINITIALIZED_AUTOS = YES_AGGRESSIVE;
				GCC_WARN_UNUSED_FUNCTION = YES;
				GCC_WARN_UNUSED_VARIABLE = YES;
				INFOPLIST_KEY_UIApplicationSupportsIndirectInputEvents = YES;
				INFOPLIST_KEY_UILaunchScreen_Generation = YES;
				INFOPLIST_KEY_UIRequiresFullScreen = YES;
				INFOPLIST_KEY_UIStatusBarStyle = UIStatusBarStyleLightContent;
				INFOPLIST_KEY_UISupportedInterfaceOrientations_iPhone = UIInterfaceOrientationPortrait;
				IPHONEOS_DEPLOYMENT_TARGET = 17.0;
				MTL_ENABLE_DEBUG_INFO = INCLUDE_SOURCE;
				MTL_FAST_MATH = YES;
				ONLY_ACTIVE_ARCH = YES;
				PRODUCT_NAME = "$(TARGET_NAME)";
				SDKROOT = iphoneos;
				SUPPORTS_MACCATALYST = NO;
				SWIFT_ACTIVE_COMPILATION_CONDITIONS = DEBUG;
				SWIFT_OPTIMIZATION_LEVEL = "-Onone";
				SWIFT_VERSION = 5.0;
				TARGETED_DEVICE_FAMILY = 1;
			};
			name = Debug;
		};
		94C9B4972B80A513C02C7B6F /* Release */ = {
			isa = XCBuildConfiguration;
			buildSettings = {
				BUNDLE_LOADER = "$(TEST_HOST)";
				INFOPLIST_FILE = SonarTests/Info.plist;
				LD_RUNPATH_SEARCH_PATHS = (
					"$(inherited)",
					"@executable_path/Frameworks",
					"@loader_path/Frameworks",
				);
				PRODUCT_BUNDLE_IDENTIFIER = cn.bobochang.sonar.tests;
				SDKROOT = iphoneos;
				TARGETED_DEVICE_FAMILY = "1,2";
				TEST_HOST = "$(BUILT_PRODUCTS_DIR)/Sonar.app/Sonar";
			};
			name = Release;
		};
		CEC3700DEDB456784D45944F /* Release */ = {
			isa = XCBuildConfiguration;
			buildSettings = {
				ASSETCATALOG_COMPILER_APPICON_NAME = AppIcon;
				CODE_SIGN_IDENTITY = "iPhone Developer";
				INFOPLIST_FILE = Sonar/Info.plist;
				INFOPLIST_KEY_CFBundleDisplayName = Sonar;
				INFOPLIST_KEY_UIRequiresFullScreen = YES;
				INFOPLIST_KEY_UISupportedInterfaceOrientations_iPhone = UIInterfaceOrientationPortrait;
				LD_RUNPATH_SEARCH_PATHS = (
					"$(inherited)",
					"@executable_path/Frameworks",
				);
				PRODUCT_BUNDLE_IDENTIFIER = cn.bobochang.sonar;
				PRODUCT_NAME = Sonar;
				SDKROOT = iphoneos;
				SUPPORTS_MACCATALYST = NO;
				TARGETED_DEVICE_FAMILY = 1;
			};
			name = Release;
		};
		E32A11710EA61B6F3323902A /* Debug */ = {
			isa = XCBuildConfiguration;
			buildSettings = {
				BUNDLE_LOADER = "$(TEST_HOST)";
				INFOPLIST_FILE = SonarTests/Info.plist;
				LD_RUNPATH_SEARCH_PATHS = (
					"$(inherited)",
					"@executable_path/Frameworks",
					"@loader_path/Frameworks",
				);
				PRODUCT_BUNDLE_IDENTIFIER = cn.bobochang.sonar.tests;
				SDKROOT = iphoneos;
				TARGETED_DEVICE_FAMILY = "1,2";
				TEST_HOST = "$(BUILT_PRODUCTS_DIR)/Sonar.app/Sonar";
			};
			name = Debug;
		};
/* End XCBuildConfiguration section */

/* Begin XCConfigurationList section */
		2826846DFB415CD86F1AC822 /* Build configuration list for PBXNativeTarget "SonarTests" */ = {
			isa = XCConfigurationList;
			buildConfigurations = (
				E32A11710EA61B6F3323902A /* Debug */,
				94C9B4972B80A513C02C7B6F /* Release */,
			);
			defaultConfigurationIsVisible = 0;
			defaultConfigurationName = Debug;
		};
		69C2BB67C0034DFAA65AB16D /* Build configuration list for PBXProject "Sonar" */ = {
			isa = XCConfigurationList;
			buildConfigurations = (
				793EE02DD85804E3F2146728 /* Debug */,
				5E1F3FD9EA12B3C5224732BB /* Release */,
			);
			defaultConfigurationIsVisible = 0;
			defaultConfigurationName = Debug;
		};
		83ED670357959AF99821D60F /* Build configuration list for PBXNativeTarget "Sonar" */ = {
			isa = XCConfigurationList;
			buildConfigurations = (
				14D5DBB0D8CF8B64F58B70AB /* Debug */,
				CEC3700DEDB456784D45944F /* Release */,
			);
			defaultConfigurationIsVisible = 0;
			defaultConfigurationName = Debug;
		};
/* End XCConfigurationList section */
	};
	rootObject = B57AF75FE96B8E5347F20F03 /* Project object */;
}
